
Microsoft Visual Studio Solution File, Format Version 12.00
# Visual Studio Version 16
VisualStudioVersion = 16.0.32106.194
MinimumVisualStudioVersion = 10.0.40219.1
Project("{9A19103F-16F7-4668-BE54-9A1E7A4F7556}") = "SuccubusWizard", "SuccubusWizard\SuccubusWizard.csproj", "{BC7AE194-6DD2-4F14-AA51-16F7F9784BF3}"
EndProject
Project("{FAE04EC0-301F-11D3-BF4B-00C04F79EFBC}") = "SuccubusClient", "SuccubusClient\SuccubusClient.csproj", "{E2060077-86E2-4EB8-9AD8-4E987CFB5F53}"
EndProject
Project("{9A19103F-16F7-4668-BE54-9A1E7A4F7556}") = "TreeListView", "TreeListView\TreeListView.csproj", "{19CEAD10-68D6-4812-B62E-C32F1B59EC8D}"
EndProject
Project("{FAE04EC0-301F-11D3-BF4B-00C04F79EFBC}") = "IncubusService", "IncubusService\IncubusService.csproj", "{565361B2-F25C-4D89-BA16-3823628AA014}"
EndProject
Global
	GlobalSection(SolutionConfigurationPlatforms) = preSolution
		Debug|Any CPU = Debug|Any CPU
		Release|Any CPU = Release|Any CPU
	EndGlobalSection
	GlobalSection(ProjectConfigurationPlatforms) = postSolution
		{BC7AE194-6DD2-4F14-AA51-16F7F9784BF3}.Debug|Any CPU.ActiveCfg = Release|Any CPU
		{BC7AE194-6DD2-4F14-AA51-16F7F9784BF3}.Debug|Any CPU.Build.0 = Release|Any CPU
		{BC7AE194-6DD2-4F14-AA51-16F7F9784BF3}.Release|Any CPU.ActiveCfg = Release|Any CPU
		{BC7AE194-6DD2-4F14-AA51-16F7F9784BF3}.Release|Any CPU.Build.0 = Release|Any CPU
		{E2060077-86E2-4EB8-9AD8-4E987CFB5F53}.Debug|Any CPU.ActiveCfg = Release|Any CPU
		{E2060077-86E2-4EB8-9AD8-4E987CFB5F53}.Debug|Any CPU.Build.0 = Release|Any CPU
		{E2060077-86E2-4EB8-9AD8-4E987CFB5F53}.Release|Any CPU.ActiveCfg = Release|Any CPU
		{E2060077-86E2-4EB8-9AD8-4E987CFB5F53}.Release|Any CPU.Build.0 = Release|Any CPU
		{19CEAD10-68D6-4812-B62E-C32F1B59EC8D}.Debug|Any CPU.ActiveCfg = Release|Any CPU
		{19CEAD10-68D6-4812-B62E-C32F1B59EC8D}.Debug|Any CPU.Build.0 = Release|Any CPU
		{19CEAD10-68D6-4812-B62E-C32F1B59EC8D}.Release|Any CPU.ActiveCfg = Release|Any CPU
		{19CEAD10-68D6-4812-B62E-C32F1B59EC8D}.Release|Any CPU.Build.0 = Release|Any CPU
		{565361B2-F25C-4D89-BA16-3823628AA014}.Debug|Any CPU.ActiveCfg = Release|Any CPU
		{565361B2-F25C-4D89-BA16-3823628AA014}.Debug|Any CPU.Build.0 = Release|Any CPU
		{565361B2-F25C-4D89-BA16-3823628AA014}.Release|Any CPU.ActiveCfg = Release|Any CPU
		{565361B2-F25C-4D89-BA16-3823628AA014}.Release|Any CPU.Build.0 = Release|Any CPU
	EndGlobalSection
	GlobalSection(SolutionProperties) = preSolution
		HideSolutionNode = FALSE
	EndGlobalSection
	GlobalSection(ExtensibilityGlobals) = postSolution
		SolutionGuid = {B5709564-6532-48F5-9F8B-8B23D8F610BD}
	EndGlobalSection
EndGlobal
